{
  "name": "node-red-contrib-huawei-sms-api",
  "version": "0.0.2",
  "lockfileVersion": 3,
  "requires": true,
  "packages": {
    "": {
      "name": "node-red-contrib-huawei-sms-api",
      "version": "0.0.2",
      "license": "ISC",
      "dependencies": {
        "elementtree": "0.1.6",
        "machina": "^4.0.0"
      }
    },
    "node_modules/elementtree": {
      "version": "0.1.6",
      "resolved": "https://registry.npmjs.org/elementtree/-/elementtree-0.1.6.tgz",
      "integrity": "sha512-3PFZPanYTg5tPl84pM+Eu04xWYWi8+FF970UgE7CThRdRR77paLrj/qiv7NyEdy0qL1KFvVvpwbWjhL1D7+pTQ==",
      "dependencies": {
        "sax": "0.3.5"
      },
      "engines": {
        "node": ">= 0.4.0"
      }
    },
    "node_modules/lodash": {
      "version": "4.17.21",
      "resolved": "https://registry.npmjs.org/lodash/-/lodash-4.17.21.tgz",
      "integrity": "sha512-v2kDEe57lecTulaDIuNTPy3Ry4gLGJ6Z1O3vE1krgXZNrsQ+LFTGHVxVjcXPs17LhbZVGedAJv8XZ1tvj5FvSg=="
    },
    "node_modules/machina": {
      "version": "4.0.2",
      "resolved": "https://registry.npmjs.org/machina/-/machina-4.0.2.tgz",
      "integrity": "sha512-OOlFrW1rd783S6tF36v5Ie/TM64gfvSl9kYLWL2cPA31J71HHWW3XrgSe1BZSFAPkh8532CMJMLv/s9L2aopiA==",
      "dependencies": {
        "lodash": "^4.17.5"
      },
      "engines": {
        "node": ">=0.4.0"
      }
    },
    "node_modules/sax": {
      "version": "0.3.5",
      "resolved": "https://registry.npmjs.org/sax/-/sax-0.3.5.tgz",
      "integrity": "sha512-b8euO9HV4Tf3a9lIfIb/uHQ6FHaw/wxYgASH8Q/pssuF+zifxzfnlMHHJTN94bhYbMKOF2ZWLMBscp6KKR2kmw==",
      "engines": {
        "node": "*"
      }
    }
  }
}
